
Microsoft Visual Studio Solution File, Format Version 12.00
# Visual Studio 15
Project("{FAE04EC0-301F-11D3-BF4B-00C04F79EFBC}") = "multiplayer-game", "multiplayer-game.csproj", "{9EEDE3BE-71B0-E469-6BCD-A6ED36A6B8B4}"
EndProject
Project("{FAE04EC0-301F-11D3-BF4B-00C04F79EFBC}") = "multiplayer-game.Editor", "multiplayer-game.Editor.csproj", "{A088EAB7-E906-D51C-0BE8-031D236D12E8}"
EndProject
Global
	GlobalSection(SolutionConfigurationPlatforms) = preSolution
		Debug|Any CPU = Debug|Any CPU
		Release|Any CPU = Release|Any CPU
	EndGlobalSection
	GlobalSection(ProjectConfigurationPlatforms) = postSolution
		{9EEDE3BE-71B0-E469-6BCD-A6ED36A6B8B4}.Debug|Any CPU.ActiveCfg = Debug|Any CPU
		{9EEDE3BE-71B0-E469-6BCD-A6ED36A6B8B4}.Debug|Any CPU.Build.0 = Debug|Any CPU
		{9EEDE3BE-71B0-E469-6BCD-A6ED36A6B8B4}.Release|Any CPU.ActiveCfg = Release|Any CPU
		{9EEDE3BE-71B0-E469-6BCD-A6ED36A6B8B4}.Release|Any CPU.Build.0 = Release|Any CPU
		{A088EAB7-E906-D51C-0BE8-031D236D12E8}.Debug|Any CPU.ActiveCfg = Debug|Any CPU
		{A088EAB7-E906-D51C-0BE8-031D236D12E8}.Debug|Any CPU.Build.0 = Debug|Any CPU
		{A088EAB7-E906-D51C-0BE8-031D236D12E8}.Release|Any CPU.ActiveCfg = Release|Any CPU
		{A088EAB7-E906-D51C-0BE8-031D236D12E8}.Release|Any CPU.Build.0 = Release|Any CPU
	EndGlobalSection
	GlobalSection(SolutionProperties) = preSolution
		HideSolutionNode = FALSE
	EndGlobalSection
EndGlobal
